
Microsoft Visual Studio Solution File, Format Version 12.00
# Visual Studio Version 17
VisualStudioVersion = 17.2.32519.379
MinimumVisualStudioVersion = 10.0.40219.1
Project("{FAE04EC0-301F-11D3-BF4B-00C04F79EFBC}") = "Shoes", "Shoes.csproj", "{C8711DAF-F387-468F-935A-1B81E17738AC}"
EndProject
Global
	GlobalSection(SolutionConfigurationPlatforms) = preSolution
		Debug|Any CPU = Debug|Any CPU
		Release|Any CPU = Release|Any CPU
	EndGlobalSection
	GlobalSection(ProjectConfigurationPlatforms) = postSolution
		{C8711DAF-F387-468F-935A-1B81E17738AC}.Debug|Any CPU.ActiveCfg = Debug|Any CPU
		{C8711DAF-F387-468F-935A-1B81E17738AC}.Debug|Any CPU.Build.0 = Debug|Any CPU
		{C8711DAF-F387-468F-935A-1B81E17738AC}.Release|Any CPU.ActiveCfg = Release|Any CPU
		{C8711DAF-F387-468F-935A-1B81E17738AC}.Release|Any CPU.Build.0 = Release|Any CPU
	EndGlobalSection
	GlobalSection(SolutionProperties) = preSolution
		HideSolutionNode = FALSE
	EndGlobalSection
	GlobalSection(ExtensibilityGlobals) = postSolution
		SolutionGuid = {21ECF614-6FB8-4DBD-A231-D7E09B5E45BE}
	EndGlobalSection
EndGlobal
